
Microsoft Visual Studio Solution File, Format Version 12.00
# Visual Studio Version 16
VisualStudioVersion = 16.0.32630.194
MinimumVisualStudioVersion = 10.0.40219.1
Project("{FAE04EC0-301F-11D3-BF4B-00C04F79EFBC}") = "SpaceShipGame", "SpaceShipGame\SpaceShipGame.csproj", "{B06A8501-2EF2-4361-9FDF-E1D3DAB7373E}"
EndProject
Global
	GlobalSection(SolutionConfigurationPlatforms) = preSolution
		Debug|Any CPU = Debug|Any CPU
		Release|Any CPU = Release|Any CPU
	EndGlobalSection
	GlobalSection(ProjectConfigurationPlatforms) = postSolution
		{B06A8501-2EF2-4361-9FDF-E1D3DAB7373E}.Debug|Any CPU.ActiveCfg = Debug|Any CPU
		{B06A8501-2EF2-4361-9FDF-E1D3DAB7373E}.Debug|Any CPU.Build.0 = Debug|Any CPU
		{B06A8501-2EF2-4361-9FDF-E1D3DAB7373E}.Release|Any CPU.ActiveCfg = Release|Any CPU
		{B06A8501-2EF2-4361-9FDF-E1D3DAB7373E}.Release|Any CPU.Build.0 = Release|Any CPU
	EndGlobalSection
	GlobalSection(SolutionProperties) = preSolution
		HideSolutionNode = FALSE
	EndGlobalSection
	GlobalSection(ExtensibilityGlobals) = postSolution
		SolutionGuid = {39739C83-85B0-448C-8BEF-482E71115E27}
	EndGlobalSection
EndGlobal
